// !$*UTF8*$!
{
	archiveVersion = 1;
	classes = {
	};
	objectVersion = 48;
	objects = {

/* Begin PBXBuildFile section */
		149C24AC20CBBB1300570EAA /* AppDelegate.swift in Sources */ = {isa = PBXBuildFile; fileRef = 149C24AB20CBBB1300570EAA /* AppDelegate.swift */; };
		149C24B120CBBB1300570EAA /* Main.storyboard in Resources */ = {isa = PBXBuildFile; fileRef = 149C24AF20CBBB1300570EAA /* Main.storyboard */; };
		149C24B420CBBB1300570EAA /* AppstudTest.xcdatamodeld in Sources */ = {isa = PBXBuildFile; fileRef = 149C24B220CBBB1300570EAA /* AppstudTest.xcdatamodeld */; };
		149C24B620CBBB1300570EAA /* Assets.xcassets in Resources */ = {isa = PBXBuildFile; fileRef = 149C24B520CBBB1300570EAA /* Assets.xcassets */; };
		149C24B920CBBB1300570EAA /* LaunchScreen.storyboard in Resources */ = {isa = PBXBuildFile; fileRef = 149C24B720CBBB1300570EAA /* LaunchScreen.storyboard */; };
		149C24C420CBBB4900570EAA /* MapsViewController.swift in Sources */ = {isa = PBXBuildFile; fileRef = 149C24C320CBBB4900570EAA /* MapsViewController.swift */; };
		149C24C620CBBB5500570EAA /* MapListViewController.swift in Sources */ = {isa = PBXBuildFile; fileRef = 149C24C520CBBB5500570EAA /* MapListViewController.swift */; };
		149C24C920CBBCD700570EAA /* ListTableViewCell.swift in Sources */ = {isa = PBXBuildFile; fileRef = 149C24C820CBBCD700570EAA /* ListTableViewCell.swift */; };
		149C24CB20CBBF0400570EAA /* TableViewController.swift in Sources */ = {isa = PBXBuildFile; fileRef = 149C24CA20CBBF0400570EAA /* TableViewController.swift */; };
		2D40BC535967157588BF2AFE /* Pods_AppstudTest.framework in Frameworks */ = {isa = PBXBuildFile; fileRef = 1CF1E4538B24517BB3053852 /* Pods_AppstudTest.framework */; };
/* End PBXBuildFile section */

/* Begin PBXFileReference section */
		0D0076A01A33FE930EF1112A /* Pods-AppstudTest.debug.xcconfig */ = {isa = PBXFileReference; includeInIndex = 1; lastKnownFileType = text.xcconfig; name = "Pods-AppstudTest.debug.xcconfig"; path = "Pods/Target Support Files/Pods-AppstudTest/Pods-AppstudTest.debug.xcconfig"; sourceTree = "<group>"; };
		149C24A820CBBB1300570EAA /* AppstudTest.app */ = {isa = PBXFileReference; explicitFileType = wrapper.application; includeInIndex = 0; path = AppstudTest.app; sourceTree = BUILT_PRODUCTS_DIR; };
		149C24AB20CBBB1300570EAA /* AppDelegate.swift */ = {isa = PBXFileReference; lastKnownFileType = sourcecode.swift; path = AppDelegate.swift; sourceTree = "<group>"; };
		149C24B020CBBB1300570EAA /* Base */ = {isa = PBXFileReference; lastKnownFileType = file.storyboard; name = Base; path = Base.lproj/Main.storyboard; sourceTree = "<group>"; };
		149C24B320CBBB1300570EAA /* AppstudTest.xcdatamodel */ = {isa = PBXFileReference; lastKnownFileType = wrapper.xcdatamodel; path = AppstudTest.xcdatamodel; sourceTree = "<group>"; };
		149C24B520CBBB1300570EAA /* Assets.xcassets */ = {isa = PBXFileReference; lastKnownFileType = folder.assetcatalog; path = Assets.xcassets; sourceTree = "<group>"; };
		149C24B820CBBB1300570EAA /* Base */ = {isa = PBXFileReference; lastKnownFileType = file.storyboard; name = Base; path = Base.lproj/LaunchScreen.storyboard; sourceTree = "<group>"; };
		149C24BA20CBBB1300570EAA /* Info.plist */ = {isa = PBXFileReference; lastKnownFileType = text.plist.xml; path = Info.plist; sourceTree = "<group>"; };
		149C24C320CBBB4900570EAA /* MapsViewController.swift */ = {isa = PBXFileReference; lastKnownFileType = sourcecode.swift; path = MapsViewController.swift; sourceTree = "<group>"; };
		149C24C520CBBB5500570EAA /* MapListViewController.swift */ = {isa = PBXFileReference; lastKnownFileType = sourcecode.swift; path = MapListViewController.swift; sourceTree = "<group>"; };
		149C24C820CBBCD700570EAA /* ListTableViewCell.swift */ = {isa = PBXFileReference; lastKnownFileType = sourcecode.swift; path = ListTableViewCell.swift; sourceTree = "<group>"; };
		149C24CA20CBBF0400570EAA /* TableViewController.swift */ = {isa = PBXFileReference; lastKnownFileType = sourcecode.swift; path = TableViewController.swift; sourceTree = "<group>"; };
		1CF1E4538B24517BB3053852 /* Pods_AppstudTest.framework */ = {isa = PBXFileReference; explicitFileType = wrapper.framework; includeInIndex = 0; path = Pods_AppstudTest.framework; sourceTree = BUILT_PRODUCTS_DIR; };
		8CFB3FF5F03951F11F7DC9E3 /* Pods-AppstudTest.release.xcconfig */ = {isa = PBXFileReference; includeInIndex = 1; lastKnownFileType = text.xcconfig; name = "Pods-AppstudTest.release.xcconfig"; path = "Pods/Target Support Files/Pods-AppstudTest/Pods-AppstudTest.release.xcconfig"; sourceTree = "<group>"; };
/* End PBXFileReference section */

/* Begin PBXFrameworksBuildPhase section */
		149C24A520CBBB1300570EAA /* Frameworks */ = {
			isa = PBXFrameworksBuildPhase;
			buildActionMask = 2147483647;
			files = (
				2D40BC535967157588BF2AFE /* Pods_AppstudTest.framework in Frameworks */,
			);
			runOnlyForDeploymentPostprocessing = 0;
		};
/* End PBXFrameworksBuildPhase section */

/* Begin PBXGroup section */
		149C249F20CBBB1300570EAA = {
			isa = PBXGroup;
			children = (
				149C24AA20CBBB1300570EAA /* AppstudTest */,
				149C24A920CBBB1300570EAA /* Products */,
				56F9077A220EA755C10BDDF5 /* Pods */,
				BF68BD7F5A7345DA1F2E00CA /* Frameworks */,
			);
			sourceTree = "<group>";
		};
		149C24A920CBBB1300570EAA /* Products */ = {
			isa = PBXGroup;
			children = (
				149C24A820CBBB1300570EAA /* AppstudTest.app */,
			);
			name = Products;
			sourceTree = "<group>";
		};
		149C24AA20CBBB1300570EAA /* AppstudTest */ = {
			isa = PBXGroup;
			children = (
				149C24C020CBBB2800570EAA /* MVC */,
				149C24AB20CBBB1300570EAA /* AppDelegate.swift */,
				149C24AF20CBBB1300570EAA /* Main.storyboard */,
				149C24B520CBBB1300570EAA /* Assets.xcassets */,
				149C24B720CBBB1300570EAA /* LaunchScreen.storyboard */,
				149C24BA20CBBB1300570EAA /* Info.plist */,
				149C24B220CBBB1300570EAA /* AppstudTest.xcdatamodeld */,
			);
			path = AppstudTest;
			sourceTree = "<group>";
		};
		149C24C020CBBB2800570EAA /* MVC */ = {
			isa = PBXGroup;
			children = (
				149C24C720CBBCBC00570EAA /* Resuables */,
				149C24C220CBBB3300570EAA /* Controller */,
				149C24C120CBBB2E00570EAA /* View */,
			);
			path = MVC;
			sourceTree = "<group>";
		};
		149C24C120CBBB2E00570EAA /* View */ = {
			isa = PBXGroup;
			children = (
				149C24C320CBBB4900570EAA /* MapsViewController.swift */,
				149C24C520CBBB5500570EAA /* MapListViewController.swift */,
				149C24CA20CBBF0400570EAA /* TableViewController.swift */,
			);
			path = View;
			sourceTree = "<group>";
		};
		149C24C220CBBB3300570EAA /* Controller */ = {
			isa = PBXGroup;
			children = (
			);
			path = Controller;
			sourceTree = "<group>";
		};
		149C24C720CBBCBC00570EAA /* Resuables */ = {
			isa = PBXGroup;
			children = (
				149C24C820CBBCD700570EAA /* ListTableViewCell.swift */,
			);
			path = Resuables;
			sourceTree = "<group>";
		};
		56F9077A220EA755C10BDDF5 /* Pods */ = {
			isa = PBXGroup;
			children = (
				0D0076A01A33FE930EF1112A /* Pods-AppstudTest.debug.xcconfig */,
				8CFB3FF5F03951F11F7DC9E3 /* Pods-AppstudTest.release.xcconfig */,
			);
			name = Pods;
			sourceTree = "<group>";
		};
		BF68BD7F5A7345DA1F2E00CA /* Frameworks */ = {
			isa = PBXGroup;
			children = (
				1CF1E4538B24517BB3053852 /* Pods_AppstudTest.framework */,
			);
			name = Frameworks;
			sourceTree = "<group>";
		};
/* End PBXGroup section */

/* Begin PBXNativeTarget section */
		149C24A720CBBB1300570EAA /* AppstudTest */ = {
			isa = PBXNativeTarget;
			buildConfigurationList = 149C24BD20CBBB1300570EAA /* Build configuration list for PBXNativeTarget "AppstudTest" */;
			buildPhases = (
				E52376825DC213F8B9FF7045 /* [CP] Check Pods Manifest.lock */,
				149C24A420CBBB1300570EAA /* Sources */,
				149C24A520CBBB1300570EAA /* Frameworks */,
				149C24A620CBBB1300570EAA /* Resources */,
				4A7B203D2802F193F97C6DBA /* [CP] Embed Pods Frameworks */,
				218C5AE6ACFD8F774FFE110D /* [CP] Copy Pods Resources */,
			);
			buildRules = (
			);
			dependencies = (
			);
			name = AppstudTest;
			productName = AppstudTest;
			productReference = 149C24A820CBBB1300570EAA /* AppstudTest.app */;
			productType = "com.apple.product-type.application";
		};
/* End PBXNativeTarget section */

/* Begin PBXProject section */
		149C24A020CBBB1300570EAA /* Project object */ = {
			isa = PBXProject;
			attributes = {
				LastSwiftUpdateCheck = 0920;
				LastUpgradeCheck = 0920;
				ORGANIZATIONNAME = thejus;
				TargetAttributes = {
					149C24A720CBBB1300570EAA = {
						CreatedOnToolsVersion = 9.2;
						ProvisioningStyle = Automatic;
					};
				};
			};
			buildConfigurationList = 149C24A320CBBB1300570EAA /* Build configuration list for PBXProject "AppstudTest" */;
			compatibilityVersion = "Xcode 8.0";
			developmentRegion = en;
			hasScannedForEncodings = 0;
			knownRegions = (
				en,
				Base,
			);
			mainGroup = 149C249F20CBBB1300570EAA;
			productRefGroup = 149C24A920CBBB1300570EAA /* Products */;
			projectDirPath = "";
			projectRoot = "";
			targets = (
				149C24A720CBBB1300570EAA /* AppstudTest */,
			);
		};
/* End PBXProject section */

/* Begin PBXResourcesBuildPhase section */
		149C24A620CBBB1300570EAA /* Resources */ = {
			isa = PBXResourcesBuildPhase;
			buildActionMask = 2147483647;
			files = (
				149C24B920CBBB1300570EAA /* LaunchScreen.storyboard in Resources */,
				149C24B620CBBB1300570EAA /* Assets.xcassets in Resources */,
				149C24B120CBBB1300570EAA /* Main.storyboard in Resources */,
			);
			runOnlyForDeploymentPostprocessing = 0;
		};
/* End PBXResourcesBuildPhase section */

/* Begin PBXShellScriptBuildPhase section */
		218C5AE6ACFD8F774FFE110D /* [CP] Copy Pods Resources */ = {
			isa = PBXShellScriptBuildPhase;
			buildActionMask = 2147483647;
			files = (
			);
			inputPaths = (
				"${SRCROOT}/Pods/Target Support Files/Pods-AppstudTest/Pods-AppstudTest-resources.sh",
				"${PODS_ROOT}/GoogleMaps/Maps/Frameworks/GoogleMaps.framework/Resources/GoogleMaps.bundle",
				"${PODS_ROOT}/GooglePlacePicker/Frameworks/GooglePlacePicker.framework/Resources/GooglePlacePicker.bundle",
				"${PODS_ROOT}/GooglePlaces/Frameworks/GooglePlaces.framework/Resources/GooglePlaces.bundle",
			);
			name = "[CP] Copy Pods Resources";
			outputPaths = (
				"${TARGET_BUILD_DIR}/${UNLOCALIZED_RESOURCES_FOLDER_PATH}/GoogleMaps.bundle",
				"${TARGET_BUILD_DIR}/${UNLOCALIZED_RESOURCES_FOLDER_PATH}/GooglePlacePicker.bundle",
				"${TARGET_BUILD_DIR}/${UNLOCALIZED_RESOURCES_FOLDER_PATH}/GooglePlaces.bundle",
			);
			runOnlyForDeploymentPostprocessing = 0;
			shellPath = /bin/sh;
			shellScript = "\"${SRCROOT}/Pods/Target Support Files/Pods-AppstudTest/Pods-AppstudTest-resources.sh\"\n";
			showEnvVarsInLog = 0;
		};
		4A7B203D2802F193F97C6DBA /* [CP] Embed Pods Frameworks */ = {
			isa = PBXShellScriptBuildPhase;
			buildActionMask = 2147483647;
			files = (
			);
			inputPaths = (
				"${SRCROOT}/Pods/Target Support Files/Pods-AppstudTest/Pods-AppstudTest-frameworks.sh",
				"${BUILT_PRODUCTS_DIR}/Alamofire/Alamofire.framework",
				"${BUILT_PRODUCTS_DIR}/SDWebImage/SDWebImage.framework",
				"${BUILT_PRODUCTS_DIR}/SwiftyJSON/SwiftyJSON.framework",
			);
			name = "[CP] Embed Pods Frameworks";
			outputPaths = (
				"${TARGET_BUILD_DIR}/${FRAMEWORKS_FOLDER_PATH}/Alamofire.framework",
				"${TARGET_BUILD_DIR}/${FRAMEWORKS_FOLDER_PATH}/SDWebImage.framework",
				"${TARGET_BUILD_DIR}/${FRAMEWORKS_FOLDER_PATH}/SwiftyJSON.framework",
			);
			runOnlyForDeploymentPostprocessing = 0;
			shellPath = /bin/sh;
			shellScript = "\"${SRCROOT}/Pods/Target Support Files/Pods-AppstudTest/Pods-AppstudTest-frameworks.sh\"\n";
			showEnvVarsInLog = 0;
		};
		E52376825DC213F8B9FF7045 /* [CP] Check Pods Manifest.lock */ = {
			isa = PBXShellScriptBuildPhase;
			buildActionMask = 2147483647;
			files = (
			);
			inputPaths = (
				"${PODS_PODFILE_DIR_PATH}/Podfile.lock",
				"${PODS_ROOT}/Manifest.lock",
			);
			name = "[CP] Check Pods Manifest.lock";
			outputPaths = (
				"$(DERIVED_FILE_DIR)/Pods-AppstudTest-checkManifestLockResult.txt",
			);
			runOnlyForDeploymentPostprocessing = 0;
			shellPath = /bin/sh;
			shellScript = "diff \"${PODS_PODFILE_DIR_PATH}/Podfile.lock\" \"${PODS_ROOT}/Manifest.lock\" > /dev/null\nif [ $? != 0 ] ; then\n    # print error to STDERR\n    echo \"error: The sandbox is not in sync with the Podfile.lock. Run 'pod install' or update your CocoaPods installation.\" >&2\n    exit 1\nfi\n# This output is used by Xcode 'outputs' to avoid re-running this script phase.\necho \"SUCCESS\" > \"${SCRIPT_OUTPUT_FILE_0}\"\n";
			showEnvVarsInLog = 0;
		};
/* End PBXShellScriptBuildPhase section */

/* Begin PBXSourcesBuildPhase section */
		149C24A420CBBB1300570EAA /* Sources */ = {
			isa = PBXSourcesBuildPhase;
			buildActionMask = 2147483647;
			files = (
				149C24C420CBBB4900570EAA /* MapsViewController.swift in Sources */,
				149C24CB20CBBF0400570EAA /* TableViewController.swift in Sources */,
				149C24B420CBBB1300570EAA /* AppstudTest.xcdatamodeld in Sources */,
				149C24AC20CBBB1300570EAA /* AppDelegate.swift in Sources */,
				149C24C620CBBB5500570EAA /* MapListViewController.swift in Sources */,
				149C24C920CBBCD700570EAA /* ListTableViewCell.swift in Sources */,
			);
			runOnlyForDeploymentPostprocessing = 0;
		};
/* End PBXSourcesBuildPhase section */

/* Begin PBXVariantGroup section */
		149C24AF20CBBB1300570EAA /* Main.storyboard */ = {
			isa = PBXVariantGroup;
			children = (
				149C24B020CBBB1300570EAA /* Base */,
			);
			name = Main.storyboard;
			sourceTree = "<group>";
		};
		149C24B720CBBB1300570EAA /* LaunchScreen.storyboard */ = {
			isa = PBXVariantGroup;
			children = (
				149C24B820CBBB1300570EAA /* Base */,
			);
			name = LaunchScreen.storyboard;
			sourceTree = "<group>";
		};
/* End PBXVariantGroup section */

/* Begin XCBuildConfiguration section */
		149C24BB20CBBB1300570EAA /* Debug */ = {
			isa = XCBuildConfiguration;
			buildSettings = {
				ALWAYS_SEARCH_USER_PATHS = NO;
				CLANG_ANALYZER_NONNULL = YES;
				CLANG_ANALYZER_NUMBER_OBJECT_CONVERSION = YES_AGGRESSIVE;
				CLANG_CXX_LANGUAGE_STANDARD = "gnu++14";
				CLANG_CXX_LIBRARY = "libc++";
				CLANG_ENABLE_MODULES = YES;
				CLANG_ENABLE_OBJC_ARC = YES;
				CLANG_WARN_BLOCK_CAPTURE_AUTORELEASING = YES;
				CLANG_WARN_BOOL_CONVERSION = YES;
				CLANG_WARN_COMMA = YES;
				CLANG_WARN_CONSTANT_CONVERSION = YES;
				CLANG_WARN_DIRECT_OBJC_ISA_USAGE = YES_ERROR;
				CLANG_WARN_DOCUMENTATION_COMMENTS = YES;
				CLANG_WARN_EMPTY_BODY = YES;
				CLANG_WARN_ENUM_CONVERSION = YES;
				CLANG_WARN_INFINITE_RECURSION = YES;
				CLANG_WARN_INT_CONVERSION = YES;
				CLANG_WARN_NON_LITERAL_NULL_CONVERSION = YES;
				CLANG_WARN_OBJC_LITERAL_CONVERSION = YES;
				CLANG_WARN_OBJC_ROOT_CLASS = YES_ERROR;
				CLANG_WARN_RANGE_LOOP_ANALYSIS = YES;
				CLANG_WARN_STRICT_PROTOTYPES = YES;
				CLANG_WARN_SUSPICIOUS_MOVE = YES;
				CLANG_WARN_UNGUARDED_AVAILABILITY = YES_AGGRESSIVE;
				CLANG_WARN_UNREACHABLE_CODE = YES;
				CLANG_WARN__DUPLICATE_METHOD_MATCH = YES;
				CODE_SIGN_IDENTITY = "iPhone Developer";
				COPY_PHASE_STRIP = NO;
				DEBUG_INFORMATION_FORMAT = dwarf;
				ENABLE_STRICT_OBJC_MSGSEND = YES;
				ENABLE_TESTABILITY = YES;
				GCC_C_LANGUAGE_STANDARD = gnu11;
				GCC_DYNAMIC_NO_PIC = NO;
				GCC_NO_COMMON_BLOCKS = YES;
				GCC_OPTIMIZATION_LEVEL = 0;
				GCC_PREPROCESSOR_DEFINITIONS = (
					"DEBUG=1",
					"$(inherited)",
				);
				GCC_WARN_64_TO_32_BIT_CONVERSION = YES;
				GCC_WARN_ABOUT_RETURN_TYPE = YES_ERROR;
				GCC_WARN_UNDECLARED_SELECTOR = YES;
				GCC_WARN_UNINITIALIZED_AUTOS = YES_AGGRESSIVE;
				GCC_WARN_UNUSED_FUNCTION = YES;
				GCC_WARN_UNUSED_VARIABLE = YES;
				IPHONEOS_DEPLOYMENT_TARGET = 11.2;
				MTL_ENABLE_DEBUG_INFO = YES;
				ONLY_ACTIVE_ARCH = YES;
				SDKROOT = iphoneos;
				SWIFT_ACTIVE_COMPILATION_CONDITIONS = DEBUG;
				SWIFT_OPTIMIZATION_LEVEL = "-Onone";
			};
			name = Debug;
		};
		149C24BC20CBBB1300570EAA /* Release */ = {
			isa = XCBuildConfiguration;
			buildSettings = {
				ALWAYS_SEARCH_USER_PATHS = NO;
				CLANG_ANALYZER_NONNULL = YES;
				CLANG_ANALYZER_NUMBER_OBJECT_CONVERSION = YES_AGGRESSIVE;
				CLANG_CXX_LANGUAGE_STANDARD = "gnu++14";
				CLANG_CXX_LIBRARY = "libc++";
				CLANG_ENABLE_MODULES = YES;
				CLANG_ENABLE_OBJC_ARC = YES;
				CLANG_WARN_BLOCK_CAPTURE_AUTORELEASING = YES;
				CLANG_WARN_BOOL_CONVERSION = YES;
				CLANG_WARN_COMMA = YES;
				CLANG_WARN_CONSTANT_CONVERSION = YES;
				CLANG_WARN_DIRECT_OBJC_ISA_USAGE = YES_ERROR;
				CLANG_WARN_DOCUMENTATION_COMMENTS = YES;
				CLANG_WARN_EMPTY_BODY = YES;
				CLANG_WARN_ENUM_CONVERSION = YES;
				CLANG_WARN_INFINITE_RECURSION = YES;
				CLANG_WARN_INT_CONVERSION = YES;
				CLANG_WARN_NON_LITERAL_NULL_CONVERSION = YES;
				CLANG_WARN_OBJC_LITERAL_CONVERSION = YES;
				CLANG_WARN_OBJC_ROOT_CLASS = YES_ERROR;
				CLANG_WARN_RANGE_LOOP_ANALYSIS = YES;
				CLANG_WARN_STRICT_PROTOTYPES = YES;
				CLANG_WARN_SUSPICIOUS_MOVE = YES;
				CLANG_WARN_UNGUARDED_AVAILABILITY = YES_AGGRESSIVE;
				CLANG_WARN_UNREACHABLE_CODE = YES;
				CLANG_WARN__DUPLICATE_METHOD_MATCH = YES;
				CODE_SIGN_IDENTITY = "iPhone Developer";
				COPY_PHASE_STRIP = NO;
				DEBUG_INFORMATION_FORMAT = "dwarf-with-dsym";
				ENABLE_NS_ASSERTIONS = NO;
				ENABLE_STRICT_OBJC_MSGSEND = YES;
				GCC_C_LANGUAGE_STANDARD = gnu11;
				GCC_NO_COMMON_BLOCKS = YES;
				GCC_WARN_64_TO_32_BIT_CONVERSION = YES;
				GCC_WARN_ABOUT_RETURN_TYPE = YES_ERROR;
				GCC_WARN_UNDECLARED_SELECTOR = YES;
				GCC_WARN_UNINITIALIZED_AUTOS = YES_AGGRESSIVE;
				GCC_WARN_UNUSED_FUNCTION = YES;
				GCC_WARN_UNUSED_VARIABLE = YES;
				IPHONEOS_DEPLOYMENT_TARGET = 11.2;
				MTL_ENABLE_DEBUG_INFO = NO;
				SDKROOT = iphoneos;
				SWIFT_OPTIMIZATION_LEVEL = "-Owholemodule";
				VALIDATE_PRODUCT = YES;
			};
			name = Release;
		};
		149C24BE20CBBB1300570EAA /* Debug */ = {
			isa = XCBuildConfiguration;
			baseConfigurationReference = 0D0076A01A33FE930EF1112A /* Pods-AppstudTest.debug.xcconfig */;
			buildSettings = {
				ASSETCATALOG_COMPILER_APPICON_NAME = AppIcon;
				CODE_SIGN_STYLE = Automatic;
				INFOPLIST_FILE = AppstudTest/Info.plist;
				LD_RUNPATH_SEARCH_PATHS = "$(inherited) @executable_path/Frameworks";
				PRODUCT_BUNDLE_IDENTIFIER = fr.epita.test.AppstudTest;
				PRODUCT_NAME = "$(TARGET_NAME)";
				SWIFT_VERSION = 4.0;
				TARGETED_DEVICE_FAMILY = "1,2";
			};
			name = Debug;
		};
		149C24BF20CBBB1300570EAA /* Release */ = {
			isa = XCBuildConfiguration;
			baseConfigurationReference = 8CFB3FF5F03951F11F7DC9E3 /* Pods-AppstudTest.release.xcconfig */;
			buildSettings = {
				ASSETCATALOG_COMPILER_APPICON_NAME = AppIcon;
				CODE_SIGN_STYLE = Automatic;
				INFOPLIST_FILE = AppstudTest/Info.plist;
				LD_RUNPATH_SEARCH_PATHS = "$(inherited) @executable_path/Frameworks";
				PRODUCT_BUNDLE_IDENTIFIER = fr.epita.test.AppstudTest;
				PRODUCT_NAME = "$(TARGET_NAME)";
				SWIFT_VERSION = 4.0;
				TARGETED_DEVICE_FAMILY = "1,2";
			};
			name = Release;
		};
/* End XCBuildConfiguration section */

/* Begin XCConfigurationList section */
		149C24A320CBBB1300570EAA /* Build configuration list for PBXProject "AppstudTest" */ = {
			isa = XCConfigurationList;
			buildConfigurations = (
				149C24BB20CBBB1300570EAA /* Debug */,
				149C24BC20CBBB1300570EAA /* Release */,
			);
			defaultConfigurationIsVisible = 0;
			defaultConfigurationName = Release;
		};
		149C24BD20CBBB1300570EAA /* Build configuration list for PBXNativeTarget "AppstudTest" */ = {
			isa = XCConfigurationList;
			buildConfigurations = (
				149C24BE20CBBB1300570EAA /* Debug */,
				149C24BF20CBBB1300570EAA /* Release */,
			);
			defaultConfigurationIsVisible = 0;
			defaultConfigurationName = Release;
		};
/* End XCConfigurationList section */

/* Begin XCVersionGroup section */
		149C24B220CBBB1300570EAA /* AppstudTest.xcdatamodeld */ = {
			isa = XCVersionGroup;
			children = (
				149C24B320CBBB1300570EAA /* AppstudTest.xcdatamodel */,
			);
			currentVersion = 149C24B320CBBB1300570EAA /* AppstudTest.xcdatamodel */;
			path = AppstudTest.xcdatamodeld;
			sourceTree = "<group>";
			versionGroupType = wrapper.xcdatamodel;
		};
/* End XCVersionGroup section */
	};
	rootObject = 149C24A020CBBB1300570EAA /* Project object */;
}
